// !$*UTF8*$!
{
	archiveVersion = 1;
	classes = {
	};
	objectVersion = 46;
	objects = {

/* Begin PBXBuildFile section */
		2A0B8542158F3AAF00DE05D9 /* AssemblerTests.m in Sources */ = {isa = PBXBuildFile; fileRef = 2A0B8541158F3AAF00DE05D9 /* AssemblerTests.m */; };
		2A0B8549158F500A00DE05D9 /* MandelbrotRenderTests.mm in Sources */ = {isa = PBXBuildFile; fileRef = 2A0B8548158F500A00DE05D9 /* MandelbrotRenderTests.mm */; };
		2A0B854A158F514E00DE05D9 /* MandelbrotRender.cpp in Sources */ = {isa = PBXBuildFile; fileRef = 2A9AF4C9157E64BF000CC666 /* MandelbrotRender.cpp */; };
		2A0B854B158F515700DE05D9 /* LinearHSVColourMapper.cpp in Sources */ = {isa = PBXBuildFile; fileRef = 2A9AF4CC157E6755000CC666 /* LinearHSVColourMapper.cpp */; };
		2A11CA24158D5D7F005DCA07 /* Profiler.m in Sources */ = {isa = PBXBuildFile; fileRef = 2A11CA23158D5D7F005DCA07 /* Profiler.m */; };
		2A122174158D3B2C009BDEDB /* ProgressivePixelBufferProvider.mm in Sources */ = {isa = PBXBuildFile; fileRef = 2A122173158D3B2C009BDEDB /* ProgressivePixelBufferProvider.mm */; };
		2A508FBD158955B000ED67B7 /* PanControllerTests.mm in Sources */ = {isa = PBXBuildFile; fileRef = 2A508FBC158955B000ED67B7 /* PanControllerTests.mm */; };
		2A575DC5158530FD00182200 /* PanController.mm in Sources */ = {isa = PBXBuildFile; fileRef = 2A575DC4158530FD00182200 /* PanController.mm */; };
		2A9AF4C6157E4488000CC666 /* TestEffect.cpp in Sources */ = {isa = PBXBuildFile; fileRef = 2A9AF4C5157E4488000CC666 /* TestEffect.cpp */; };
		2A9AF4CA157E64BF000CC666 /* MandelbrotRender.cpp in Sources */ = {isa = PBXBuildFile; fileRef = 2A9AF4C9157E64BF000CC666 /* MandelbrotRender.cpp */; };
		2A9AF4CD157E6755000CC666 /* LinearHSVColourMapper.cpp in Sources */ = {isa = PBXBuildFile; fileRef = 2A9AF4CC157E6755000CC666 /* LinearHSVColourMapper.cpp */; };
		2A9AF4D0157E8609000CC666 /* HSVToRGBAConverterTests.mm in Sources */ = {isa = PBXBuildFile; fileRef = 2A9AF4CF157E8609000CC666 /* HSVToRGBAConverterTests.mm */; };
		2A9AF4D5157E8754000CC666 /* OCHamcrestIOS.framework in Frameworks */ = {isa = PBXBuildFile; fileRef = 2A9AF4D4157E8754000CC666 /* OCHamcrestIOS.framework */; };
		2AA9328B157EC861008768A9 /* FractalController.mm in Sources */ = {isa = PBXBuildFile; fileRef = 2AA9328A157EC861008768A9 /* FractalController.mm */; };
		2AA9328E157EC917008768A9 /* ZoomController.mm in Sources */ = {isa = PBXBuildFile; fileRef = 2AA9328D157EC917008768A9 /* ZoomController.mm */; };
		2AA93291157ED252008768A9 /* ZoomControllerTests.mm in Sources */ = {isa = PBXBuildFile; fileRef = 2AA93290157ED252008768A9 /* ZoomControllerTests.mm */; };
		2AEE877F157D45670017A603 /* UIKit.framework in Frameworks */ = {isa = PBXBuildFile; fileRef = 2AEE877E157D45670017A603 /* UIKit.framework */; };
		2AEE8781157D45670017A603 /* Foundation.framework in Frameworks */ = {isa = PBXBuildFile; fileRef = 2AEE8780157D45670017A603 /* Foundation.framework */; };
		2AEE8783157D45670017A603 /* CoreGraphics.framework in Frameworks */ = {isa = PBXBuildFile; fileRef = 2AEE8782157D45670017A603 /* CoreGraphics.framework */; };
		2AEE8789157D45670017A603 /* InfoPlist.strings in Resources */ = {isa = PBXBuildFile; fileRef = 2AEE8787157D45670017A603 /* InfoPlist.strings */; };
		2AEE878B157D45670017A603 /* main.m in Sources */ = {isa = PBXBuildFile; fileRef = 2AEE878A157D45670017A603 /* main.m */; };
		2AEE878F157D45670017A603 /* AppDelegate.m in Sources */ = {isa = PBXBuildFile; fileRef = 2AEE878E157D45670017A603 /* AppDelegate.m */; };
		2AEE8792157D45670017A603 /* MainStoryboard_iPhone.storyboard in Resources */ = {isa = PBXBuildFile; fileRef = 2AEE8790157D45670017A603 /* MainStoryboard_iPhone.storyboard */; };
		2AEE8795157D45670017A603 /* MainStoryboard_iPad.storyboard in Resources */ = {isa = PBXBuildFile; fileRef = 2AEE8793157D45670017A603 /* MainStoryboard_iPad.storyboard */; };
		2AEE8798157D45670017A603 /* ViewController.mm in Sources */ = {isa = PBXBuildFile; fileRef = 2AEE8797157D45670017A603 /* ViewController.mm */; };
		2AEE87A0157D45670017A603 /* SenTestingKit.framework in Frameworks */ = {isa = PBXBuildFile; fileRef = 2AEE879F157D45670017A603 /* SenTestingKit.framework */; };
		2AEE87A1157D45670017A603 /* UIKit.framework in Frameworks */ = {isa = PBXBuildFile; fileRef = 2AEE877E157D45670017A603 /* UIKit.framework */; };
		2AEE87A2157D45670017A603 /* Foundation.framework in Frameworks */ = {isa = PBXBuildFile; fileRef = 2AEE8780157D45670017A603 /* Foundation.framework */; };
		2AEE87AA157D45670017A603 /* InfoPlist.strings in Resources */ = {isa = PBXBuildFile; fileRef = 2AEE87A8157D45670017A603 /* InfoPlist.strings */; };
		2AEE87C6157D4A0D0017A603 /* PixelBufferView.mm in Sources */ = {isa = PBXBuildFile; fileRef = 2AEE87C5157D4A0D0017A603 /* PixelBufferView.mm */; };
		2AEE87CC157E3BB00017A603 /* FractalEffect.cpp in Sources */ = {isa = PBXBuildFile; fileRef = 2AEE87CB157E3BAF0017A603 /* FractalEffect.cpp */; };
		2AF4D0CF158D1A7100E8EC80 /* MandelbrotRegion.cpp in Sources */ = {isa = PBXBuildFile; fileRef = 2AF4D0CE158D1A7100E8EC80 /* MandelbrotRegion.cpp */; };
		2AF4D0D0158D1F7700E8EC80 /* MandelbrotRegion.cpp in Sources */ = {isa = PBXBuildFile; fileRef = 2AF4D0CE158D1A7100E8EC80 /* MandelbrotRegion.cpp */; };
		2AF4D0D4158D332F00E8EC80 /* PixelBufferProvider.mm in Sources */ = {isa = PBXBuildFile; fileRef = 2AF4D0D3158D332F00E8EC80 /* PixelBufferProvider.mm */; };
		2AF4D0D7158D350B00E8EC80 /* SimplePixelBufferProvider.mm in Sources */ = {isa = PBXBuildFile; fileRef = 2AF4D0D6158D350B00E8EC80 /* SimplePixelBufferProvider.mm */; };
		2AF675FC158FE7A500FB1041 /* MandelbrotIterateValuesMatcher.mm in Sources */ = {isa = PBXBuildFile; fileRef = 2AF675FB158FE7A500FB1041 /* MandelbrotIterateValuesMatcher.mm */; };
/* End PBXBuildFile section */

/* Begin PBXContainerItemProxy section */
		2AEE87A3157D45670017A603 /* PBXContainerItemProxy */ = {
			isa = PBXContainerItemProxy;
			containerPortal = 2AEE8771157D45670017A603 /* Project object */;
			proxyType = 1;
			remoteGlobalIDString = 2AEE8779157D45670017A603;
			remoteInfo = Flow2D;
		};
/* End PBXContainerItemProxy section */

/* Begin PBXFileReference section */
		2A0B8540158F3AAF00DE05D9 /* AssemblerTests.h */ = {isa = PBXFileReference; fileEncoding = 4; lastKnownFileType = sourcecode.c.h; path = AssemblerTests.h; sourceTree = "<group>"; };
		2A0B8541158F3AAF00DE05D9 /* AssemblerTests.m */ = {isa = PBXFileReference; fileEncoding = 4; lastKnownFileType = sourcecode.c.objc; path = AssemblerTests.m; sourceTree = "<group>"; };
		2A0B8547158F500A00DE05D9 /* MandelbrotRenderTests.h */ = {isa = PBXFileReference; fileEncoding = 4; lastKnownFileType = sourcecode.c.h; path = MandelbrotRenderTests.h; sourceTree = "<group>"; };
		2A0B8548158F500A00DE05D9 /* MandelbrotRenderTests.mm */ = {isa = PBXFileReference; fileEncoding = 4; lastKnownFileType = sourcecode.cpp.objcpp; path = MandelbrotRenderTests.mm; sourceTree = "<group>"; };
		2A11CA22158D5D7F005DCA07 /* Profiler.h */ = {isa = PBXFileReference; fileEncoding = 4; lastKnownFileType = sourcecode.c.h; path = Profiler.h; sourceTree = "<group>"; };
		2A11CA23158D5D7F005DCA07 /* Profiler.m */ = {isa = PBXFileReference; fileEncoding = 4; lastKnownFileType = sourcecode.c.objc; path = Profiler.m; sourceTree = "<group>"; };
		2A11CA26158D6345005DCA07 /* ProfileResults.h */ = {isa = PBXFileReference; lastKnownFileType = sourcecode.c.h; path = ProfileResults.h; sourceTree = "<group>"; };
		2A122172158D3B2C009BDEDB /* ProgressivePixelBufferProvider.h */ = {isa = PBXFileReference; fileEncoding = 4; lastKnownFileType = sourcecode.c.h; path = ProgressivePixelBufferProvider.h; sourceTree = "<group>"; };
		2A122173158D3B2C009BDEDB /* ProgressivePixelBufferProvider.mm */ = {isa = PBXFileReference; fileEncoding = 4; lastKnownFileType = sourcecode.cpp.objcpp; path = ProgressivePixelBufferProvider.mm; sourceTree = "<group>"; };
		2A508FBB158955B000ED67B7 /* PanControllerTests.h */ = {isa = PBXFileReference; fileEncoding = 4; lastKnownFileType = sourcecode.c.h; path = PanControllerTests.h; sourceTree = "<group>"; };
		2A508FBC158955B000ED67B7 /* PanControllerTests.mm */ = {isa = PBXFileReference; fileEncoding = 4; lastKnownFileType = sourcecode.cpp.objcpp; path = PanControllerTests.mm; sourceTree = "<group>"; };
		2A575DC3158530EE00182200 /* PanController.h */ = {isa = PBXFileReference; fileEncoding = 4; lastKnownFileType = sourcecode.c.h; path = PanController.h; sourceTree = "<group>"; };
		2A575DC4158530FD00182200 /* PanController.mm */ = {isa = PBXFileReference; fileEncoding = 4; lastKnownFileType = sourcecode.cpp.objcpp; path = PanController.mm; sourceTree = "<group>"; };
		2A9AF4C3157E4465000CC666 /* TestEffect.h */ = {isa = PBXFileReference; lastKnownFileType = sourcecode.c.h; path = TestEffect.h; sourceTree = "<group>"; };
		2A9AF4C5157E4488000CC666 /* TestEffect.cpp */ = {isa = PBXFileReference; fileEncoding = 4; lastKnownFileType = sourcecode.cpp.cpp; path = TestEffect.cpp; sourceTree = "<group>"; };
		2A9AF4C7157E4D20000CC666 /* RGBABuffer.h */ = {isa = PBXFileReference; lastKnownFileType = sourcecode.c.h; path = RGBABuffer.h; sourceTree = "<group>"; };
		2A9AF4C8157E649E000CC666 /* MandelbrotRender.h */ = {isa = PBXFileReference; lastKnownFileType = sourcecode.c.h; path = MandelbrotRender.h; sourceTree = "<group>"; };
		2A9AF4C9157E64BF000CC666 /* MandelbrotRender.cpp */ = {isa = PBXFileReference; fileEncoding = 4; lastKnownFileType = sourcecode.cpp.cpp; path = MandelbrotRender.cpp; sourceTree = "<group>"; };
		2A9AF4CB157E65B2000CC666 /* LinearHSVColourMapper.h */ = {isa = PBXFileReference; lastKnownFileType = sourcecode.c.h; path = LinearHSVColourMapper.h; sourceTree = "<group>"; };
		2A9AF4CC157E6755000CC666 /* LinearHSVColourMapper.cpp */ = {isa = PBXFileReference; fileEncoding = 4; lastKnownFileType = sourcecode.cpp.cpp; path = LinearHSVColourMapper.cpp; sourceTree = "<group>"; };
		2A9AF4CE157E8609000CC666 /* HSVToRGBAConverterTests.h */ = {isa = PBXFileReference; fileEncoding = 4; lastKnownFileType = sourcecode.c.h; path = HSVToRGBAConverterTests.h; sourceTree = "<group>"; };
		2A9AF4CF157E8609000CC666 /* HSVToRGBAConverterTests.mm */ = {isa = PBXFileReference; fileEncoding = 4; lastKnownFileType = sourcecode.cpp.objcpp; path = HSVToRGBAConverterTests.mm; sourceTree = "<group>"; };
		2A9AF4D4157E8754000CC666 /* OCHamcrestIOS.framework */ = {isa = PBXFileReference; lastKnownFileType = wrapper.framework; name = OCHamcrestIOS.framework; path = "../../Unit Test Test/OCHamcrest-1.7/OCHamcrestIOS.framework"; sourceTree = "<group>"; };
		2AA93289157EC861008768A9 /* FractalController.h */ = {isa = PBXFileReference; fileEncoding = 4; lastKnownFileType = sourcecode.c.h; path = FractalController.h; sourceTree = "<group>"; };
		2AA9328A157EC861008768A9 /* FractalController.mm */ = {isa = PBXFileReference; fileEncoding = 4; lastKnownFileType = sourcecode.cpp.objcpp; path = FractalController.mm; sourceTree = "<group>"; };
		2AA9328C157EC917008768A9 /* ZoomController.h */ = {isa = PBXFileReference; fileEncoding = 4; lastKnownFileType = sourcecode.c.h; path = ZoomController.h; sourceTree = "<group>"; };
		2AA9328D157EC917008768A9 /* ZoomController.mm */ = {isa = PBXFileReference; fileEncoding = 4; lastKnownFileType = sourcecode.cpp.objcpp; path = ZoomController.mm; sourceTree = "<group>"; };
		2AA9328F157ED252008768A9 /* ZoomControllerTests.h */ = {isa = PBXFileReference; fileEncoding = 4; lastKnownFileType = sourcecode.c.h; path = ZoomControllerTests.h; sourceTree = "<group>"; };
		2AA93290157ED252008768A9 /* ZoomControllerTests.mm */ = {isa = PBXFileReference; fileEncoding = 4; lastKnownFileType = sourcecode.cpp.objcpp; path = ZoomControllerTests.mm; sourceTree = "<group>"; };
		2AEE877A157D45670017A603 /* Flow2D.app */ = {isa = PBXFileReference; explicitFileType = wrapper.application; includeInIndex = 0; path = Flow2D.app; sourceTree = BUILT_PRODUCTS_DIR; };
		2AEE877E157D45670017A603 /* UIKit.framework */ = {isa = PBXFileReference; lastKnownFileType = wrapper.framework; name = UIKit.framework; path = System/Library/Frameworks/UIKit.framework; sourceTree = SDKROOT; };
		2AEE8780157D45670017A603 /* Foundation.framework */ = {isa = PBXFileReference; lastKnownFileType = wrapper.framework; name = Foundation.framework; path = System/Library/Frameworks/Foundation.framework; sourceTree = SDKROOT; };
		2AEE8782157D45670017A603 /* CoreGraphics.framework */ = {isa = PBXFileReference; lastKnownFileType = wrapper.framework; name = CoreGraphics.framework; path = System/Library/Frameworks/CoreGraphics.framework; sourceTree = SDKROOT; };
		2AEE8786157D45670017A603 /* Flow2D-Info.plist */ = {isa = PBXFileReference; lastKnownFileType = text.plist.xml; path = "Flow2D-Info.plist"; sourceTree = "<group>"; };
		2AEE8788157D45670017A603 /* en */ = {isa = PBXFileReference; lastKnownFileType = text.plist.strings; name = en; path = en.lproj/InfoPlist.strings; sourceTree = "<group>"; };
		2AEE878A157D45670017A603 /* main.m */ = {isa = PBXFileReference; lastKnownFileType = sourcecode.c.objc; path = main.m; sourceTree = "<group>"; };
		2AEE878C157D45670017A603 /* Flow2D-Prefix.pch */ = {isa = PBXFileReference; lastKnownFileType = sourcecode.c.h; path = "Flow2D-Prefix.pch"; sourceTree = "<group>"; };
		2AEE878D157D45670017A603 /* AppDelegate.h */ = {isa = PBXFileReference; lastKnownFileType = sourcecode.c.h; path = AppDelegate.h; sourceTree = "<group>"; };
		2AEE878E157D45670017A603 /* AppDelegate.m */ = {isa = PBXFileReference; lastKnownFileType = sourcecode.c.objc; path = AppDelegate.m; sourceTree = "<group>"; };
		2AEE8791157D45670017A603 /* en */ = {isa = PBXFileReference; lastKnownFileType = file.storyboard; name = en; path = en.lproj/MainStoryboard_iPhone.storyboard; sourceTree = "<group>"; };
		2AEE8794157D45670017A603 /* en */ = {isa = PBXFileReference; lastKnownFileType = file.storyboard; name = en; path = en.lproj/MainStoryboard_iPad.storyboard; sourceTree = "<group>"; };
		2AEE8796157D45670017A603 /* ViewController.h */ = {isa = PBXFileReference; lastKnownFileType = sourcecode.c.h; path = ViewController.h; sourceTree = "<group>"; };
		2AEE8797157D45670017A603 /* ViewController.mm */ = {isa = PBXFileReference; lastKnownFileType = sourcecode.cpp.objcpp; path = ViewController.mm; sourceTree = "<group>"; };
		2AEE879E157D45670017A603 /* Flow2DTests.octest */ = {isa = PBXFileReference; explicitFileType = wrapper.cfbundle; includeInIndex = 0; path = Flow2DTests.octest; sourceTree = BUILT_PRODUCTS_DIR; };
		2AEE879F157D45670017A603 /* SenTestingKit.framework */ = {isa = PBXFileReference; lastKnownFileType = wrapper.framework; name = SenTestingKit.framework; path = Library/Frameworks/SenTestingKit.framework; sourceTree = DEVELOPER_DIR; };
		2AEE87A7157D45670017A603 /* Flow2DTests-Info.plist */ = {isa = PBXFileReference; lastKnownFileType = text.plist.xml; path = "Flow2DTests-Info.plist"; sourceTree = "<group>"; };
		2AEE87A9157D45670017A603 /* en */ = {isa = PBXFileReference; lastKnownFileType = text.plist.strings; name = en; path = en.lproj/InfoPlist.strings; sourceTree = "<group>"; };
		2AEE87C4157D4A0D0017A603 /* PixelBufferView.h */ = {isa = PBXFileReference; fileEncoding = 4; lastKnownFileType = sourcecode.c.h; path = PixelBufferView.h; sourceTree = "<group>"; };
		2AEE87C5157D4A0D0017A603 /* PixelBufferView.mm */ = {isa = PBXFileReference; fileEncoding = 4; lastKnownFileType = sourcecode.cpp.objcpp; path = PixelBufferView.mm; sourceTree = "<group>"; };
		2AEE87C8157E3A220017A603 /* Renderable.h */ = {isa = PBXFileReference; fileEncoding = 4; lastKnownFileType = sourcecode.c.h; path = Renderable.h; sourceTree = "<group>"; };
		2AEE87C9157E3AC00017A603 /* FlowTypes.h */ = {isa = PBXFileReference; fileEncoding = 4; lastKnownFileType = sourcecode.c.h; path = FlowTypes.h; sourceTree = "<group>"; };
		2AEE87CA157E3B670017A603 /* FractalEffect.h */ = {isa = PBXFileReference; fileEncoding = 4; lastKnownFileType = sourcecode.c.h; path = FractalEffect.h; sourceTree = "<group>"; };
		2AEE87CB157E3BAF0017A603 /* FractalEffect.cpp */ = {isa = PBXFileReference; fileEncoding = 4; lastKnownFileType = sourcecode.cpp.cpp; path = FractalEffect.cpp; sourceTree = "<group>"; };
		2AF4D0CC158D1A0E00E8EC80 /* MandelbrotRegion.h */ = {isa = PBXFileReference; lastKnownFileType = sourcecode.c.h; path = MandelbrotRegion.h; sourceTree = "<group>"; };
		2AF4D0CE158D1A7100E8EC80 /* MandelbrotRegion.cpp */ = {isa = PBXFileReference; fileEncoding = 4; lastKnownFileType = sourcecode.cpp.cpp; path = MandelbrotRegion.cpp; sourceTree = "<group>"; };
		2AF4D0D2158D332F00E8EC80 /* PixelBufferProvider.h */ = {isa = PBXFileReference; fileEncoding = 4; lastKnownFileType = sourcecode.c.h; path = PixelBufferProvider.h; sourceTree = "<group>"; };
		2AF4D0D3158D332F00E8EC80 /* PixelBufferProvider.mm */ = {isa = PBXFileReference; fileEncoding = 4; lastKnownFileType = sourcecode.cpp.objcpp; path = PixelBufferProvider.mm; sourceTree = "<group>"; };
		2AF4D0D5158D350B00E8EC80 /* SimplePixelBufferProvider.h */ = {isa = PBXFileReference; fileEncoding = 4; lastKnownFileType = sourcecode.c.h; path = SimplePixelBufferProvider.h; sourceTree = "<group>"; };
		2AF4D0D6158D350B00E8EC80 /* SimplePixelBufferProvider.mm */ = {isa = PBXFileReference; fileEncoding = 4; lastKnownFileType = sourcecode.cpp.objcpp; path = SimplePixelBufferProvider.mm; sourceTree = "<group>"; };
		2AF675F2158FE4DB00FB1041 /* IterationsASM.h */ = {isa = PBXFileReference; lastKnownFileType = sourcecode.c.h; path = IterationsASM.h; sourceTree = "<group>"; };
		2AF675F6158FE59600FB1041 /* Assembly.h */ = {isa = PBXFileReference; lastKnownFileType = sourcecode.c.h; path = Assembly.h; sourceTree = "<group>"; };
		2AF675FA158FE7A500FB1041 /* MandelbrotIterateValuesMatcher.h */ = {isa = PBXFileReference; fileEncoding = 4; lastKnownFileType = sourcecode.c.h; path = MandelbrotIterateValuesMatcher.h; sourceTree = "<group>"; };
		2AF675FB158FE7A500FB1041 /* MandelbrotIterateValuesMatcher.mm */ = {isa = PBXFileReference; fileEncoding = 4; lastKnownFileType = sourcecode.cpp.objcpp; path = MandelbrotIterateValuesMatcher.mm; sourceTree = "<group>"; };
/* End PBXFileReference section */

/* Begin PBXFrameworksBuildPhase section */
		2AEE8777157D45670017A603 /* Frameworks */ = {
			isa = PBXFrameworksBuildPhase;
			buildActionMask = 2147483647;
			files = (
				2AEE877F157D45670017A603 /* UIKit.framework in Frameworks */,
				2AEE8781157D45670017A603 /* Foundation.framework in Frameworks */,
				2AEE8783157D45670017A603 /* CoreGraphics.framework in Frameworks */,
			);
			runOnlyForDeploymentPostprocessing = 0;
		};
		2AEE879A157D45670017A603 /* Frameworks */ = {
			isa = PBXFrameworksBuildPhase;
			buildActionMask = 2147483647;
			files = (
				2AEE87A0157D45670017A603 /* SenTestingKit.framework in Frameworks */,
				2AEE87A1157D45670017A603 /* UIKit.framework in Frameworks */,
				2AEE87A2157D45670017A603 /* Foundation.framework in Frameworks */,
				2A9AF4D5157E8754000CC666 /* OCHamcrestIOS.framework in Frameworks */,
			);
			runOnlyForDeploymentPostprocessing = 0;
		};
/* End PBXFrameworksBuildPhase section */

/* Begin PBXGroup section */
		2A9AF4DA157E9F63000CC666 /* Controllers */ = {
			isa = PBXGroup;
			children = (
				2AEE8796157D45670017A603 /* ViewController.h */,
				2AEE8797157D45670017A603 /* ViewController.mm */,
				2AA9328C157EC917008768A9 /* ZoomController.h */,
				2AA9328D157EC917008768A9 /* ZoomController.mm */,
				2AA93289157EC861008768A9 /* FractalController.h */,
				2AA9328A157EC861008768A9 /* FractalController.mm */,
				2A575DC3158530EE00182200 /* PanController.h */,
				2A575DC4158530FD00182200 /* PanController.mm */,
			);
			name = Controllers;
			sourceTree = "<group>";
		};
		2AEE876F157D45670017A603 = {
			isa = PBXGroup;
			children = (
				2AEE8784157D45670017A603 /* Flow2D */,
				2AEE87A5157D45670017A603 /* Flow2DTests */,
				2AEE877D157D45670017A603 /* Frameworks */,
				2AEE877B157D45670017A603 /* Products */,
			);
			sourceTree = "<group>";
		};
		2AEE877B157D45670017A603 /* Products */ = {
			isa = PBXGroup;
			children = (
				2AEE877A157D45670017A603 /* Flow2D.app */,
				2AEE879E157D45670017A603 /* Flow2DTests.octest */,
			);
			name = Products;
			sourceTree = "<group>";
		};
		2AEE877D157D45670017A603 /* Frameworks */ = {
			isa = PBXGroup;
			children = (
				2A9AF4D4157E8754000CC666 /* OCHamcrestIOS.framework */,
				2AEE877E157D45670017A603 /* UIKit.framework */,
				2AEE8780157D45670017A603 /* Foundation.framework */,
				2AEE8782157D45670017A603 /* CoreGraphics.framework */,
				2AEE879F157D45670017A603 /* SenTestingKit.framework */,
			);
			name = Frameworks;
			sourceTree = "<group>";
		};
		2AEE8784157D45670017A603 /* Flow2D */ = {
			isa = PBXGroup;
			children = (
				2AF4D0D1158D32E600E8EC80 /* Views */,
				2A9AF4DA157E9F63000CC666 /* Controllers */,
				2AEE87C7157E38200017A603 /* Effects */,
				2AEE878D157D45670017A603 /* AppDelegate.h */,
				2AEE878E157D45670017A603 /* AppDelegate.m */,
				2AEE8790157D45670017A603 /* MainStoryboard_iPhone.storyboard */,
				2AEE8793157D45670017A603 /* MainStoryboard_iPad.storyboard */,
				2AEE8785157D45670017A603 /* Supporting Files */,
				2AEE87C9157E3AC00017A603 /* FlowTypes.h */,
				2A11CA22158D5D7F005DCA07 /* Profiler.h */,
				2A11CA23158D5D7F005DCA07 /* Profiler.m */,
				2A11CA26158D6345005DCA07 /* ProfileResults.h */,
				2AF675F2158FE4DB00FB1041 /* IterationsASM.h */,
				2AF675F6158FE59600FB1041 /* Assembly.h */,
			);
			path = Flow2D;
			sourceTree = "<group>";
		};
		2AEE8785157D45670017A603 /* Supporting Files */ = {
			isa = PBXGroup;
			children = (
				2AEE8786157D45670017A603 /* Flow2D-Info.plist */,
				2AEE8787157D45670017A603 /* InfoPlist.strings */,
				2AEE878A157D45670017A603 /* main.m */,
				2AEE878C157D45670017A603 /* Flow2D-Prefix.pch */,
			);
			name = "Supporting Files";
			sourceTree = "<group>";
		};
		2AEE87A5157D45670017A603 /* Flow2DTests */ = {
			isa = PBXGroup;
			children = (
				2AEE87A6157D45670017A603 /* Supporting Files */,
				2A9AF4CE157E8609000CC666 /* HSVToRGBAConverterTests.h */,
				2A9AF4CF157E8609000CC666 /* HSVToRGBAConverterTests.mm */,
				2AA9328F157ED252008768A9 /* ZoomControllerTests.h */,
				2AA93290157ED252008768A9 /* ZoomControllerTests.mm */,
				2A508FBB158955B000ED67B7 /* PanControllerTests.h */,
				2A508FBC158955B000ED67B7 /* PanControllerTests.mm */,
				2A0B8540158F3AAF00DE05D9 /* AssemblerTests.h */,
				2A0B8541158F3AAF00DE05D9 /* AssemblerTests.m */,
				2A0B8547158F500A00DE05D9 /* MandelbrotRenderTests.h */,
				2A0B8548158F500A00DE05D9 /* MandelbrotRenderTests.mm */,
				2AF675FA158FE7A500FB1041 /* MandelbrotIterateValuesMatcher.h */,
				2AF675FB158FE7A500FB1041 /* MandelbrotIterateValuesMatcher.mm */,
			);
			path = Flow2DTests;
			sourceTree = "<group>";
		};
		2AEE87A6157D45670017A603 /* Supporting Files */ = {
			isa = PBXGroup;
			children = (
				2AEE87A7157D45670017A603 /* Flow2DTests-Info.plist */,
				2AEE87A8157D45670017A603 /* InfoPlist.strings */,
			);
			name = "Supporting Files";
			sourceTree = "<group>";
		};
		2AEE87C7157E38200017A603 /* Effects */ = {
			isa = PBXGroup;
			children = (
				2AEE87C8157E3A220017A603 /* Renderable.h */,
				2AEE87CA157E3B670017A603 /* FractalEffect.h */,
				2AEE87CB157E3BAF0017A603 /* FractalEffect.cpp */,
				2A9AF4C3157E4465000CC666 /* TestEffect.h */,
				2A9AF4C5157E4488000CC666 /* TestEffect.cpp */,
				2A9AF4C7157E4D20000CC666 /* RGBABuffer.h */,
				2A9AF4C8157E649E000CC666 /* MandelbrotRender.h */,
				2A9AF4C9157E64BF000CC666 /* MandelbrotRender.cpp */,
				2A9AF4CB157E65B2000CC666 /* LinearHSVColourMapper.h */,
				2A9AF4CC157E6755000CC666 /* LinearHSVColourMapper.cpp */,
				2AF4D0CC158D1A0E00E8EC80 /* MandelbrotRegion.h */,
				2AF4D0CE158D1A7100E8EC80 /* MandelbrotRegion.cpp */,
			);
			name = Effects;
			sourceTree = "<group>";
		};
		2AF4D0D1158D32E600E8EC80 /* Views */ = {
			isa = PBXGroup;
			children = (
				2AEE87C4157D4A0D0017A603 /* PixelBufferView.h */,
				2AEE87C5157D4A0D0017A603 /* PixelBufferView.mm */,
				2AF4D0D2158D332F00E8EC80 /* PixelBufferProvider.h */,
				2AF4D0D3158D332F00E8EC80 /* PixelBufferProvider.mm */,
				2AF4D0D5158D350B00E8EC80 /* SimplePixelBufferProvider.h */,
				2AF4D0D6158D350B00E8EC80 /* SimplePixelBufferProvider.mm */,
				2A122172158D3B2C009BDEDB /* ProgressivePixelBufferProvider.h */,
				2A122173158D3B2C009BDEDB /* ProgressivePixelBufferProvider.mm */,
			);
			name = Views;
			sourceTree = "<group>";
		};
/* End PBXGroup section */

/* Begin PBXNativeTarget section */
		2AEE8779157D45670017A603 /* Flow2D */ = {
			isa = PBXNativeTarget;
			buildConfigurationList = 2AEE87B0157D45670017A603 /* Build configuration list for PBXNativeTarget "Flow2D" */;
			buildPhases = (
				2AEE8776157D45670017A603 /* Sources */,
				2AEE8777157D45670017A603 /* Frameworks */,
				2AEE8778157D45670017A603 /* Resources */,
			);
			buildRules = (
			);
			dependencies = (
			);
			name = Flow2D;
			productName = Flow2D;
			productReference = 2AEE877A157D45670017A603 /* Flow2D.app */;
			productType = "com.apple.product-type.application";
		};
		2AEE879D157D45670017A603 /* Flow2DTests */ = {
			isa = PBXNativeTarget;
			buildConfigurationList = 2AEE87B3157D45670017A603 /* Build configuration list for PBXNativeTarget "Flow2DTests" */;
			buildPhases = (
				2AEE8799157D45670017A603 /* Sources */,
				2AEE879A157D45670017A603 /* Frameworks */,
				2AEE879B157D45670017A603 /* Resources */,
				2AEE879C157D45670017A603 /* ShellScript */,
			);
			buildRules = (
			);
			dependencies = (
				2AEE87A4157D45670017A603 /* PBXTargetDependency */,
			);
			name = Flow2DTests;
			productName = Flow2DTests;
			productReference = 2AEE879E157D45670017A603 /* Flow2DTests.octest */;
			productType = "com.apple.product-type.bundle";
		};
/* End PBXNativeTarget section */

/* Begin PBXProject section */
		2AEE8771157D45670017A603 /* Project object */ = {
			isa = PBXProject;
			attributes = {
				LastUpgradeCheck = 0430;
			};
			buildConfigurationList = 2AEE8774157D45670017A603 /* Build configuration list for PBXProject "Flow2D" */;
			compatibilityVersion = "Xcode 3.2";
			developmentRegion = English;
			hasScannedForEncodings = 0;
			knownRegions = (
				en,
			);
			mainGroup = 2AEE876F157D45670017A603;
			productRefGroup = 2AEE877B157D45670017A603 /* Products */;
			projectDirPath = "";
			projectRoot = "";
			targets = (
				2AEE8779157D45670017A603 /* Flow2D */,
				2AEE879D157D45670017A603 /* Flow2DTests */,
			);
		};
/* End PBXProject section */

/* Begin PBXResourcesBuildPhase section */
		2AEE8778157D45670017A603 /* Resources */ = {
			isa = PBXResourcesBuildPhase;
			buildActionMask = 2147483647;
			files = (
				2AEE8789157D45670017A603 /* InfoPlist.strings in Resources */,
				2AEE8792157D45670017A603 /* MainStoryboard_iPhone.storyboard in Resources */,
				2AEE8795157D45670017A603 /* MainStoryboard_iPad.storyboard in Resources */,
			);
			runOnlyForDeploymentPostprocessing = 0;
		};
		2AEE879B157D45670017A603 /* Resources */ = {
			isa = PBXResourcesBuildPhase;
			buildActionMask = 2147483647;
			files = (
				2AEE87AA157D45670017A603 /* InfoPlist.strings in Resources */,
			);
			runOnlyForDeploymentPostprocessing = 0;
		};
/* End PBXResourcesBuildPhase section */

/* Begin PBXShellScriptBuildPhase section */
		2AEE879C157D45670017A603 /* ShellScript */ = {
			isa = PBXShellScriptBuildPhase;
			buildActionMask = 2147483647;
			files = (
			);
			inputPaths = (
			);
			outputPaths = (
			);
			runOnlyForDeploymentPostprocessing = 0;
			shellPath = /bin/sh;
			shellScript = "# Run the unit tests in this test bundle.\n\"${SYSTEM_DEVELOPER_DIR}/Tools/RunUnitTests\"\n";
		};
/* End PBXShellScriptBuildPhase section */

/* Begin PBXSourcesBuildPhase section */
		2AEE8776157D45670017A603 /* Sources */ = {
			isa = PBXSourcesBuildPhase;
			buildActionMask = 2147483647;
			files = (
				2AEE878B157D45670017A603 /* main.m in Sources */,
				2AEE878F157D45670017A603 /* AppDelegate.m in Sources */,
				2AEE8798157D45670017A603 /* ViewController.mm in Sources */,
				2AEE87C6157D4A0D0017A603 /* PixelBufferView.mm in Sources */,
				2AEE87CC157E3BB00017A603 /* FractalEffect.cpp in Sources */,
				2A9AF4C6157E4488000CC666 /* TestEffect.cpp in Sources */,
				2A9AF4CA157E64BF000CC666 /* MandelbrotRender.cpp in Sources */,
				2A9AF4CD157E6755000CC666 /* LinearHSVColourMapper.cpp in Sources */,
				2AA9328B157EC861008768A9 /* FractalController.mm in Sources */,
				2AA9328E157EC917008768A9 /* ZoomController.mm in Sources */,
				2A575DC5158530FD00182200 /* PanController.mm in Sources */,
				2AF4D0CF158D1A7100E8EC80 /* MandelbrotRegion.cpp in Sources */,
				2AF4D0D4158D332F00E8EC80 /* PixelBufferProvider.mm in Sources */,
				2AF4D0D7158D350B00E8EC80 /* SimplePixelBufferProvider.mm in Sources */,
				2A122174158D3B2C009BDEDB /* ProgressivePixelBufferProvider.mm in Sources */,
				2A11CA24158D5D7F005DCA07 /* Profiler.m in Sources */,
			);
			runOnlyForDeploymentPostprocessing = 0;
		};
		2AEE8799157D45670017A603 /* Sources */ = {
			isa = PBXSourcesBuildPhase;
			buildActionMask = 2147483647;
			files = (
				2A9AF4D0157E8609000CC666 /* HSVToRGBAConverterTests.mm in Sources */,
				2AA93291157ED252008768A9 /* ZoomControllerTests.mm in Sources */,
				2A508FBD158955B000ED67B7 /* PanControllerTests.mm in Sources */,
				2AF4D0D0158D1F7700E8EC80 /* MandelbrotRegion.cpp in Sources */,
				2A0B8542158F3AAF00DE05D9 /* AssemblerTests.m in Sources */,
				2A0B8549158F500A00DE05D9 /* MandelbrotRenderTests.mm in Sources */,
				2A0B854A158F514E00DE05D9 /* MandelbrotRender.cpp in Sources */,
				2A0B854B158F515700DE05D9 /* LinearHSVColourMapper.cpp in Sources */,
				2AF675FC158FE7A500FB1041 /* MandelbrotIterateValuesMatcher.mm in Sources */,
			);
			runOnlyForDeploymentPostprocessing = 0;
		};
/* End PBXSourcesBuildPhase section */

/* Begin PBXTargetDependency section */
		2AEE87A4157D45670017A603 /* PBXTargetDependency */ = {
			isa = PBXTargetDependency;
			target = 2AEE8779157D45670017A603 /* Flow2D */;
			targetProxy = 2AEE87A3157D45670017A603 /* PBXContainerItemProxy */;
		};
/* End PBXTargetDependency section */

/* Begin PBXVariantGroup section */
		2AEE8787157D45670017A603 /* InfoPlist.strings */ = {
			isa = PBXVariantGroup;
			children = (
				2AEE8788157D45670017A603 /* en */,
			);
			name = InfoPlist.strings;
			sourceTree = "<group>";
		};
		2AEE8790157D45670017A603 /* MainStoryboard_iPhone.storyboard */ = {
			isa = PBXVariantGroup;
			children = (
				2AEE8791157D45670017A603 /* en */,
			);
			name = MainStoryboard_iPhone.storyboard;
			sourceTree = "<group>";
		};
		2AEE8793157D45670017A603 /* MainStoryboard_iPad.storyboard */ = {
			isa = PBXVariantGroup;
			children = (
				2AEE8794157D45670017A603 /* en */,
			);
			name = MainStoryboard_iPad.storyboard;
			sourceTree = "<group>";
		};
		2AEE87A8157D45670017A603 /* InfoPlist.strings */ = {
			isa = PBXVariantGroup;
			children = (
				2AEE87A9157D45670017A603 /* en */,
			);
			name = InfoPlist.strings;
			sourceTree = "<group>";
		};
/* End PBXVariantGroup section */

/* Begin XCBuildConfiguration section */
		2AEE87AE157D45670017A603 /* Debug */ = {
			isa = XCBuildConfiguration;
			buildSettings = {
				ALWAYS_SEARCH_USER_PATHS = NO;
				ARCHS = "$(ARCHS_STANDARD_32_BIT)";
				CLANG_ENABLE_OBJC_ARC = YES;
				"CODE_SIGN_IDENTITY[sdk=iphoneos*]" = "iPhone Developer";
				COPY_PHASE_STRIP = NO;
				GCC_C_LANGUAGE_STANDARD = gnu99;
				GCC_DYNAMIC_NO_PIC = NO;
				GCC_FAST_MATH = NO;
				GCC_OPTIMIZATION_LEVEL = s;
				GCC_PREPROCESSOR_DEFINITIONS = (
					"DEBUG=1",
					"$(inherited)",
				);
				GCC_SYMBOLS_PRIVATE_EXTERN = NO;
				GCC_VERSION = com.apple.compilers.llvm.clang.1_0;
				GCC_WARN_ABOUT_RETURN_TYPE = YES;
				GCC_WARN_UNINITIALIZED_AUTOS = YES;
				GCC_WARN_UNUSED_VARIABLE = YES;
				IPHONEOS_DEPLOYMENT_TARGET = 5.1;
				SDKROOT = iphoneos;
				TARGETED_DEVICE_FAMILY = "1,2";
			};
			name = Debug;
		};
		2AEE87AF157D45670017A603 /* Release */ = {
			isa = XCBuildConfiguration;
			buildSettings = {
				ALWAYS_SEARCH_USER_PATHS = NO;
				ARCHS = "$(ARCHS_STANDARD_32_BIT)";
				CLANG_ENABLE_OBJC_ARC = YES;
				"CODE_SIGN_IDENTITY[sdk=iphoneos*]" = "iPhone Developer";
				COPY_PHASE_STRIP = YES;
				GCC_C_LANGUAGE_STANDARD = gnu99;
				GCC_FAST_MATH = NO;
				GCC_OPTIMIZATION_LEVEL = s;
				GCC_VERSION = com.apple.compilers.llvm.clang.1_0;
				GCC_WARN_ABOUT_RETURN_TYPE = YES;
				GCC_WARN_UNINITIALIZED_AUTOS = YES;
				GCC_WARN_UNUSED_VARIABLE = YES;
				IPHONEOS_DEPLOYMENT_TARGET = 5.1;
				OTHER_CFLAGS = "-DNS_BLOCK_ASSERTIONS=1";
				SDKROOT = iphoneos;
				TARGETED_DEVICE_FAMILY = "1,2";
				VALIDATE_PRODUCT = YES;
			};
			name = Release;
		};
		2AEE87B1157D45670017A603 /* Debug */ = {
			isa = XCBuildConfiguration;
			buildSettings = {
				GCC_GENERATE_DEBUGGING_SYMBOLS = YES;
				GCC_PRECOMPILE_PREFIX_HEADER = YES;
				GCC_PREFIX_HEADER = "Flow2D/Flow2D-Prefix.pch";
				INFOPLIST_FILE = "Flow2D/Flow2D-Info.plist";
				IPHONEOS_DEPLOYMENT_TARGET = 5.1;
				PRODUCT_NAME = "$(TARGET_NAME)";
				TARGETED_DEVICE_FAMILY = "1,2";
				WRAPPER_EXTENSION = app;
			};
			name = Debug;
		};
		2AEE87B2157D45670017A603 /* Release */ = {
			isa = XCBuildConfiguration;
			buildSettings = {
				GCC_GENERATE_DEBUGGING_SYMBOLS = NO;
				GCC_PRECOMPILE_PREFIX_HEADER = YES;
				GCC_PREFIX_HEADER = "Flow2D/Flow2D-Prefix.pch";
				INFOPLIST_FILE = "Flow2D/Flow2D-Info.plist";
				IPHONEOS_DEPLOYMENT_TARGET = 5.1;
				PRODUCT_NAME = "$(TARGET_NAME)";
				TARGETED_DEVICE_FAMILY = "1,2";
				WRAPPER_EXTENSION = app;
			};
			name = Release;
		};
		2AEE87B4157D45670017A603 /* Debug */ = {
			isa = XCBuildConfiguration;
			buildSettings = {
				BUNDLE_LOADER = "$(BUILT_PRODUCTS_DIR)/Flow2D.app/Flow2D";
				FRAMEWORK_SEARCH_PATHS = (
					"$(SDKROOT)/Developer/Library/Frameworks",
					"$(DEVELOPER_LIBRARY_DIR)/Frameworks",
					"\"$(SRCROOT)/../../Unit Test Test/OCHamcrest-1.7\"",
				);
				GCC_PRECOMPILE_PREFIX_HEADER = YES;
				GCC_PREFIX_HEADER = "Flow2D/Flow2D-Prefix.pch";
				INFOPLIST_FILE = "Flow2DTests/Flow2DTests-Info.plist";
				PRODUCT_NAME = "$(TARGET_NAME)";
				TEST_HOST = "$(BUNDLE_LOADER)";
				WRAPPER_EXTENSION = octest;
			};
			name = Debug;
		};
		2AEE87B5157D45670017A603 /* Release */ = {
			isa = XCBuildConfiguration;
			buildSettings = {
				BUNDLE_LOADER = "$(BUILT_PRODUCTS_DIR)/Flow2D.app/Flow2D";
				FRAMEWORK_SEARCH_PATHS = (
					"$(SDKROOT)/Developer/Library/Frameworks",
					"$(DEVELOPER_LIBRARY_DIR)/Frameworks",
					"\"$(SRCROOT)/../../Unit Test Test/OCHamcrest-1.7\"",
				);
				GCC_PRECOMPILE_PREFIX_HEADER = YES;
				GCC_PREFIX_HEADER = "Flow2D/Flow2D-Prefix.pch";
				INFOPLIST_FILE = "Flow2DTests/Flow2DTests-Info.plist";
				PRODUCT_NAME = "$(TARGET_NAME)";
				TEST_HOST = "$(BUNDLE_LOADER)";
				WRAPPER_EXTENSION = octest;
			};
			name = Release;
		};
/* End XCBuildConfiguration section */

/* Begin XCConfigurationList section */
		2AEE8774157D45670017A603 /* Build configuration list for PBXProject "Flow2D" */ = {
			isa = XCConfigurationList;
			buildConfigurations = (
				2AEE87AE157D45670017A603 /* Debug */,
				2AEE87AF157D45670017A603 /* Release */,
			);
			defaultConfigurationIsVisible = 0;
			defaultConfigurationName = Release;
		};
		2AEE87B0157D45670017A603 /* Build configuration list for PBXNativeTarget "Flow2D" */ = {
			isa = XCConfigurationList;
			buildConfigurations = (
				2AEE87B1157D45670017A603 /* Debug */,
				2AEE87B2157D45670017A603 /* Release */,
			);
			defaultConfigurationIsVisible = 0;
			defaultConfigurationName = Release;
		};
		2AEE87B3157D45670017A603 /* Build configuration list for PBXNativeTarget "Flow2DTests" */ = {
			isa = XCConfigurationList;
			buildConfigurations = (
				2AEE87B4157D45670017A603 /* Debug */,
				2AEE87B5157D45670017A603 /* Release */,
			);
			defaultConfigurationIsVisible = 0;
			defaultConfigurationName = Release;
		};
/* End XCConfigurationList section */
	};
	rootObject = 2AEE8771157D45670017A603 /* Project object */;
}
